
Microsoft Visual Studio Solution File, Format Version 12.00
# Visual Studio Version 17
VisualStudioVersion = 17.5.33516.290
MinimumVisualStudioVersion = 10.0.40219.1
Project("{9A19103F-16F7-4668-BE54-9A1E7A4F7556}") = "Homework", "Homework.csproj", "{29907AC7-E209-4D09-A805-5B1D01CDA5FE}"
EndProject
Global
	GlobalSection(SolutionConfigurationPlatforms) = preSolution
		Debug|Any CPU = Debug|Any CPU
		Release|Any CPU = Release|Any CPU
	EndGlobalSection
	GlobalSection(ProjectConfigurationPlatforms) = postSolution
		{29907AC7-E209-4D09-A805-5B1D01CDA5FE}.Debug|Any CPU.ActiveCfg = Debug|Any CPU
		{29907AC7-E209-4D09-A805-5B1D01CDA5FE}.Debug|Any CPU.Build.0 = Debug|Any CPU
		{29907AC7-E209-4D09-A805-5B1D01CDA5FE}.Release|Any CPU.ActiveCfg = Release|Any CPU
		{29907AC7-E209-4D09-A805-5B1D01CDA5FE}.Release|Any CPU.Build.0 = Release|Any CPU
	EndGlobalSection
	GlobalSection(SolutionProperties) = preSolution
		HideSolutionNode = FALSE
	EndGlobalSection
	GlobalSection(ExtensibilityGlobals) = postSolution
		SolutionGuid = {5A4EAF9D-78FD-4200-BB23-C5FDBC2C58B6}
	EndGlobalSection
EndGlobal
